
Microsoft Visual Studio Solution File, Format Version 12.00
# Visual Studio 15
VisualStudioVersion = 15.0.26430.12
MinimumVisualStudioVersion = 10.0.40219.1
Project("{FAE04EC0-301F-11D3-BF4B-00C04F79EFBC}") = "ReferenceConflictAnalyser.ConsoleApp", "ReferenceConflictAnalyser.ConsoleApp\ReferenceConflictAnalyser.ConsoleApp.csproj", "{4D2A6E80-EABB-41D6-919E-C583FFCA54E7}"
EndProject
Project("{FAE04EC0-301F-11D3-BF4B-00C04F79EFBC}") = "ReferenceConflictAnalyser", "ReferenceConflictAnalyser\ReferenceConflictAnalyser.csproj", "{28335ADD-45DE-44A3-97FF-0640330554EC}"
EndProject
Project("{FAE04EC0-301F-11D3-BF4B-00C04F79EFBC}") = "ReferenceConflictAnalyser.VSExtension", "ReferenceConflictAnalyser.VSExtension\ReferenceConflictAnalyser.VSExtension.csproj", "{F947F475-F430-47F3-AC07-34870DFA3996}"
EndProject
Global
	GlobalSection(SolutionConfigurationPlatforms) = preSolution
		Debug|Any CPU = Debug|Any CPU
		Release|Any CPU = Release|Any CPU
	EndGlobalSection
	GlobalSection(ProjectConfigurationPlatforms) = postSolution
		{4D2A6E80-EABB-41D6-919E-C583FFCA54E7}.Debug|Any CPU.ActiveCfg = Debug|Any CPU
		{4D2A6E80-EABB-41D6-919E-C583FFCA54E7}.Debug|Any CPU.Build.0 = Debug|Any CPU
		{4D2A6E80-EABB-41D6-919E-C583FFCA54E7}.Release|Any CPU.ActiveCfg = Release|Any CPU
		{4D2A6E80-EABB-41D6-919E-C583FFCA54E7}.Release|Any CPU.Build.0 = Release|Any CPU
		{28335ADD-45DE-44A3-97FF-0640330554EC}.Debug|Any CPU.ActiveCfg = Debug|Any CPU
		{28335ADD-45DE-44A3-97FF-0640330554EC}.Debug|Any CPU.Build.0 = Debug|Any CPU
		{28335ADD-45DE-44A3-97FF-0640330554EC}.Release|Any CPU.ActiveCfg = Release|Any CPU
		{28335ADD-45DE-44A3-97FF-0640330554EC}.Release|Any CPU.Build.0 = Release|Any CPU
		{F947F475-F430-47F3-AC07-34870DFA3996}.Debug|Any CPU.ActiveCfg = Debug|Any CPU
		{F947F475-F430-47F3-AC07-34870DFA3996}.Debug|Any CPU.Build.0 = Debug|Any CPU
		{F947F475-F430-47F3-AC07-34870DFA3996}.Release|Any CPU.ActiveCfg = Release|Any CPU
		{F947F475-F430-47F3-AC07-34870DFA3996}.Release|Any CPU.Build.0 = Release|Any CPU
	EndGlobalSection
	GlobalSection(SolutionProperties) = preSolution
		HideSolutionNode = FALSE
	EndGlobalSection
EndGlobal
